// !$*UTF8*$!
{
	archiveVersion = 1;
	classes = {
	};
	objectVersion = 51;
	objects = {

/* Begin PBXBuildFile section */
		4118E04D26067FA00023B23D /* LoginViewController.swift in Sources */ = {isa = PBXBuildFile; fileRef = 4118E04C26067FA00023B23D /* LoginViewController.swift */; };
		4118E05226067FAC0023B23D /* FeedViewController.swift in Sources */ = {isa = PBXBuildFile; fileRef = 4118E05126067FAC0023B23D /* FeedViewController.swift */; };
		4118E057260699030023B23D /* CameraViewController.swift in Sources */ = {isa = PBXBuildFile; fileRef = 4118E056260699030023B23D /* CameraViewController.swift */; };
		4118E0672606A6D20023B23D /* PosterCell.swift in Sources */ = {isa = PBXBuildFile; fileRef = 4118E0662606A6D20023B23D /* PosterCell.swift */; };
		4162FEDE26066C12002DAB28 /* AppDelegate.swift in Sources */ = {isa = PBXBuildFile; fileRef = 4162FEDD26066C12002DAB28 /* AppDelegate.swift */; };
		4162FEE026066C12002DAB28 /* SceneDelegate.swift in Sources */ = {isa = PBXBuildFile; fileRef = 4162FEDF26066C12002DAB28 /* SceneDelegate.swift */; };
		4162FEE226066C12002DAB28 /* ViewController.swift in Sources */ = {isa = PBXBuildFile; fileRef = 4162FEE126066C12002DAB28 /* ViewController.swift */; };
		4162FEE526066C12002DAB28 /* Main.storyboard in Resources */ = {isa = PBXBuildFile; fileRef = 4162FEE326066C12002DAB28 /* Main.storyboard */; };
		4162FEE726066C15002DAB28 /* Assets.xcassets in Resources */ = {isa = PBXBuildFile; fileRef = 4162FEE626066C15002DAB28 /* Assets.xcassets */; };
		4162FEEA26066C15002DAB28 /* LaunchScreen.storyboard in Resources */ = {isa = PBXBuildFile; fileRef = 4162FEE826066C15002DAB28 /* LaunchScreen.storyboard */; };
		4162FEF526066C15002DAB28 /* ParstagramTests.swift in Sources */ = {isa = PBXBuildFile; fileRef = 4162FEF426066C15002DAB28 /* ParstagramTests.swift */; };
		4162FF0026066C15002DAB28 /* ParstagramUITests.swift in Sources */ = {isa = PBXBuildFile; fileRef = 4162FEFF26066C15002DAB28 /* ParstagramUITests.swift */; };
		41D41BC8260BCE9F00C323AD /* CommentCell.swift in Sources */ = {isa = PBXBuildFile; fileRef = 41D41BC7260BCE9F00C323AD /* CommentCell.swift */; };
		93A29C157A387D5F2B99ADD6 /* Pods_Parstagram_ParstagramUITests.framework in Frameworks */ = {isa = PBXBuildFile; fileRef = CDBD24D888B53653006C198E /* Pods_Parstagram_ParstagramUITests.framework */; };
		A41D41F7202A458316EA7F71 /* Pods_Parstagram.framework in Frameworks */ = {isa = PBXBuildFile; fileRef = 8A7B1004649A06C8DA4563BA /* Pods_Parstagram.framework */; };
		FCCFD7BFC5A72C7F472FD2F8 /* Pods_ParstagramTests.framework in Frameworks */ = {isa = PBXBuildFile; fileRef = 4AF9F24018EB5EBF7E2138A3 /* Pods_ParstagramTests.framework */; };
/* End PBXBuildFile section */

/* Begin PBXContainerItemProxy section */
		4162FEF126066C15002DAB28 /* PBXContainerItemProxy */ = {
			isa = PBXContainerItemProxy;
			containerPortal = 4162FED226066C12002DAB28 /* Project object */;
			proxyType = 1;
			remoteGlobalIDString = 4162FED926066C12002DAB28;
			remoteInfo = Parstagram;
		};
		4162FEFC26066C15002DAB28 /* PBXContainerItemProxy */ = {
			isa = PBXContainerItemProxy;
			containerPortal = 4162FED226066C12002DAB28 /* Project object */;
			proxyType = 1;
			remoteGlobalIDString = 4162FED926066C12002DAB28;
			remoteInfo = Parstagram;
		};
/* End PBXContainerItemProxy section */

/* Begin PBXFileReference section */
		4118E04C26067FA00023B23D /* LoginViewController.swift */ = {isa = PBXFileReference; lastKnownFileType = sourcecode.swift; path = LoginViewController.swift; sourceTree = "<group>"; };
		4118E05126067FAC0023B23D /* FeedViewController.swift */ = {isa = PBXFileReference; lastKnownFileType = sourcecode.swift; path = FeedViewController.swift; sourceTree = "<group>"; };
		4118E056260699030023B23D /* CameraViewController.swift */ = {isa = PBXFileReference; lastKnownFileType = sourcecode.swift; path = CameraViewController.swift; sourceTree = "<group>"; };
		4118E0662606A6D20023B23D /* PosterCell.swift */ = {isa = PBXFileReference; lastKnownFileType = sourcecode.swift; path = PosterCell.swift; sourceTree = "<group>"; };
		4162FEDA26066C12002DAB28 /* Parstagram.app */ = {isa = PBXFileReference; explicitFileType = wrapper.application; includeInIndex = 0; path = Parstagram.app; sourceTree = BUILT_PRODUCTS_DIR; };
		4162FEDD26066C12002DAB28 /* AppDelegate.swift */ = {isa = PBXFileReference; lastKnownFileType = sourcecode.swift; path = AppDelegate.swift; sourceTree = "<group>"; };
		4162FEDF26066C12002DAB28 /* SceneDelegate.swift */ = {isa = PBXFileReference; lastKnownFileType = sourcecode.swift; path = SceneDelegate.swift; sourceTree = "<group>"; };
		4162FEE126066C12002DAB28 /* ViewController.swift */ = {isa = PBXFileReference; lastKnownFileType = sourcecode.swift; path = ViewController.swift; sourceTree = "<group>"; };
		4162FEE426066C12002DAB28 /* Base */ = {isa = PBXFileReference; lastKnownFileType = file.storyboard; name = Base; path = Base.lproj/Main.storyboard; sourceTree = "<group>"; };
		4162FEE626066C15002DAB28 /* Assets.xcassets */ = {isa = PBXFileReference; lastKnownFileType = folder.assetcatalog; path = Assets.xcassets; sourceTree = "<group>"; };
		4162FEE926066C15002DAB28 /* Base */ = {isa = PBXFileReference; lastKnownFileType = file.storyboard; name = Base; path = Base.lproj/LaunchScreen.storyboard; sourceTree = "<group>"; };
		4162FEEB26066C15002DAB28 /* Info.plist */ = {isa = PBXFileReference; lastKnownFileType = text.plist.xml; path = Info.plist; sourceTree = "<group>"; };
		4162FEF026066C15002DAB28 /* ParstagramTests.xctest */ = {isa = PBXFileReference; explicitFileType = wrapper.cfbundle; includeInIndex = 0; path = ParstagramTests.xctest; sourceTree = BUILT_PRODUCTS_DIR; };
		4162FEF426066C15002DAB28 /* ParstagramTests.swift */ = {isa = PBXFileReference; lastKnownFileType = sourcecode.swift; path = ParstagramTests.swift; sourceTree = "<group>"; };
		4162FEF626066C15002DAB28 /* Info.plist */ = {isa = PBXFileReference; lastKnownFileType = text.plist.xml; path = Info.plist; sourceTree = "<group>"; };
		4162FEFB26066C15002DAB28 /* ParstagramUITests.xctest */ = {isa = PBXFileReference; explicitFileType = wrapper.cfbundle; includeInIndex = 0; path = ParstagramUITests.xctest; sourceTree = BUILT_PRODUCTS_DIR; };
		4162FEFF26066C15002DAB28 /* ParstagramUITests.swift */ = {isa = PBXFileReference; lastKnownFileType = sourcecode.swift; path = ParstagramUITests.swift; sourceTree = "<group>"; };
		4162FF0126066C15002DAB28 /* Info.plist */ = {isa = PBXFileReference; lastKnownFileType = text.plist.xml; path = Info.plist; sourceTree = "<group>"; };
		41D41BC7260BCE9F00C323AD /* CommentCell.swift */ = {isa = PBXFileReference; lastKnownFileType = sourcecode.swift; path = CommentCell.swift; sourceTree = "<group>"; };
		45818DB7A3FBB6135A63DF09 /* Pods-Parstagram-ParstagramUITests.debug.xcconfig */ = {isa = PBXFileReference; includeInIndex = 1; lastKnownFileType = text.xcconfig; name = "Pods-Parstagram-ParstagramUITests.debug.xcconfig"; path = "Target Support Files/Pods-Parstagram-ParstagramUITests/Pods-Parstagram-ParstagramUITests.debug.xcconfig"; sourceTree = "<group>"; };
		4AF9F24018EB5EBF7E2138A3 /* Pods_ParstagramTests.framework */ = {isa = PBXFileReference; explicitFileType = wrapper.framework; includeInIndex = 0; path = Pods_ParstagramTests.framework; sourceTree = BUILT_PRODUCTS_DIR; };
		5ABA10B95BB8A6073A13C226 /* Pods-Parstagram-ParstagramUITests.release.xcconfig */ = {isa = PBXFileReference; includeInIndex = 1; lastKnownFileType = text.xcconfig; name = "Pods-Parstagram-ParstagramUITests.release.xcconfig"; path = "Target Support Files/Pods-Parstagram-ParstagramUITests/Pods-Parstagram-ParstagramUITests.release.xcconfig"; sourceTree = "<group>"; };
		61ADA547D085E67C9B579AE5 /* Pods-ParstagramTests.release.xcconfig */ = {isa = PBXFileReference; includeInIndex = 1; lastKnownFileType = text.xcconfig; name = "Pods-ParstagramTests.release.xcconfig"; path = "Target Support Files/Pods-ParstagramTests/Pods-ParstagramTests.release.xcconfig"; sourceTree = "<group>"; };
		8A7B1004649A06C8DA4563BA /* Pods_Parstagram.framework */ = {isa = PBXFileReference; explicitFileType = wrapper.framework; includeInIndex = 0; path = Pods_Parstagram.framework; sourceTree = BUILT_PRODUCTS_DIR; };
		CB6EC89EB036523489F83A34 /* Pods-Parstagram.debug.xcconfig */ = {isa = PBXFileReference; includeInIndex = 1; lastKnownFileType = text.xcconfig; name = "Pods-Parstagram.debug.xcconfig"; path = "Target Support Files/Pods-Parstagram/Pods-Parstagram.debug.xcconfig"; sourceTree = "<group>"; };
		CDBD24D888B53653006C198E /* Pods_Parstagram_ParstagramUITests.framework */ = {isa = PBXFileReference; explicitFileType = wrapper.framework; includeInIndex = 0; path = Pods_Parstagram_ParstagramUITests.framework; sourceTree = BUILT_PRODUCTS_DIR; };
		D8D98C5EF909088999BDEDDB /* Pods-ParstagramTests.debug.xcconfig */ = {isa = PBXFileReference; includeInIndex = 1; lastKnownFileType = text.xcconfig; name = "Pods-ParstagramTests.debug.xcconfig"; path = "Target Support Files/Pods-ParstagramTests/Pods-ParstagramTests.debug.xcconfig"; sourceTree = "<group>"; };
		D9DECBD5EB87559C0F97DF99 /* Pods-Parstagram.release.xcconfig */ = {isa = PBXFileReference; includeInIndex = 1; lastKnownFileType = text.xcconfig; name = "Pods-Parstagram.release.xcconfig"; path = "Target Support Files/Pods-Parstagram/Pods-Parstagram.release.xcconfig"; sourceTree = "<group>"; };
/* End PBXFileReference section */

/* Begin PBXFrameworksBuildPhase section */
		4162FED726066C12002DAB28 /* Frameworks */ = {
			isa = PBXFrameworksBuildPhase;
			buildActionMask = 2147483647;
			files = (
				A41D41F7202A458316EA7F71 /* Pods_Parstagram.framework in Frameworks */,
			);
			runOnlyForDeploymentPostprocessing = 0;
		};
		4162FEED26066C15002DAB28 /* Frameworks */ = {
			isa = PBXFrameworksBuildPhase;
			buildActionMask = 2147483647;
			files = (
				FCCFD7BFC5A72C7F472FD2F8 /* Pods_ParstagramTests.framework in Frameworks */,
			);
			runOnlyForDeploymentPostprocessing = 0;
		};
		4162FEF826066C15002DAB28 /* Frameworks */ = {
			isa = PBXFrameworksBuildPhase;
			buildActionMask = 2147483647;
			files = (
				93A29C157A387D5F2B99ADD6 /* Pods_Parstagram_ParstagramUITests.framework in Frameworks */,
			);
			runOnlyForDeploymentPostprocessing = 0;
		};
/* End PBXFrameworksBuildPhase section */

/* Begin PBXGroup section */
		4162FED126066C12002DAB28 = {
			isa = PBXGroup;
			children = (
				4162FEDC26066C12002DAB28 /* Parstagram */,
				4162FEF326066C15002DAB28 /* ParstagramTests */,
				4162FEFE26066C15002DAB28 /* ParstagramUITests */,
				4162FEDB26066C12002DAB28 /* Products */,
				7E012BB17D54D5BC60706ACE /* Pods */,
				9792787896698485127B636C /* Frameworks */,
			);
			sourceTree = "<group>";
		};
		4162FEDB26066C12002DAB28 /* Products */ = {
			isa = PBXGroup;
			children = (
				4162FEDA26066C12002DAB28 /* Parstagram.app */,
				4162FEF026066C15002DAB28 /* ParstagramTests.xctest */,
				4162FEFB26066C15002DAB28 /* ParstagramUITests.xctest */,
			);
			name = Products;
			sourceTree = "<group>";
		};
		4162FEDC26066C12002DAB28 /* Parstagram */ = {
			isa = PBXGroup;
			children = (
				4162FEDD26066C12002DAB28 /* AppDelegate.swift */,
				4162FEDF26066C12002DAB28 /* SceneDelegate.swift */,
				4162FEE126066C12002DAB28 /* ViewController.swift */,
				4162FEE326066C12002DAB28 /* Main.storyboard */,
				4162FEE626066C15002DAB28 /* Assets.xcassets */,
				4162FEE826066C15002DAB28 /* LaunchScreen.storyboard */,
				4162FEEB26066C15002DAB28 /* Info.plist */,
				4118E04C26067FA00023B23D /* LoginViewController.swift */,
				4118E05126067FAC0023B23D /* FeedViewController.swift */,
				4118E056260699030023B23D /* CameraViewController.swift */,
				4118E0662606A6D20023B23D /* PosterCell.swift */,
				41D41BC7260BCE9F00C323AD /* CommentCell.swift */,
			);
			path = Parstagram;
			sourceTree = "<group>";
		};
		4162FEF326066C15002DAB28 /* ParstagramTests */ = {
			isa = PBXGroup;
			children = (
				4162FEF426066C15002DAB28 /* ParstagramTests.swift */,
				4162FEF626066C15002DAB28 /* Info.plist */,
			);
			path = ParstagramTests;
			sourceTree = "<group>";
		};
		4162FEFE26066C15002DAB28 /* ParstagramUITests */ = {
			isa = PBXGroup;
			children = (
				4162FEFF26066C15002DAB28 /* ParstagramUITests.swift */,
				4162FF0126066C15002DAB28 /* Info.plist */,
			);
			path = ParstagramUITests;
			sourceTree = "<group>";
		};
		7E012BB17D54D5BC60706ACE /* Pods */ = {
			isa = PBXGroup;
			children = (
				CB6EC89EB036523489F83A34 /* Pods-Parstagram.debug.xcconfig */,
				D9DECBD5EB87559C0F97DF99 /* Pods-Parstagram.release.xcconfig */,
				45818DB7A3FBB6135A63DF09 /* Pods-Parstagram-ParstagramUITests.debug.xcconfig */,
				5ABA10B95BB8A6073A13C226 /* Pods-Parstagram-ParstagramUITests.release.xcconfig */,
				D8D98C5EF909088999BDEDDB /* Pods-ParstagramTests.debug.xcconfig */,
				61ADA547D085E67C9B579AE5 /* Pods-ParstagramTests.release.xcconfig */,
			);
			path = Pods;
			sourceTree = "<group>";
		};
		9792787896698485127B636C /* Frameworks */ = {
			isa = PBXGroup;
			children = (
				8A7B1004649A06C8DA4563BA /* Pods_Parstagram.framework */,
				CDBD24D888B53653006C198E /* Pods_Parstagram_ParstagramUITests.framework */,
				4AF9F24018EB5EBF7E2138A3 /* Pods_ParstagramTests.framework */,
			);
			name = Frameworks;
			sourceTree = "<group>";
		};
/* End PBXGroup section */

/* Begin PBXNativeTarget section */
		4162FED926066C12002DAB28 /* Parstagram */ = {
			isa = PBXNativeTarget;
			buildConfigurationList = 4162FF0426066C15002DAB28 /* Build configuration list for PBXNativeTarget "Parstagram" */;
			buildPhases = (
				9B49C5E98128CE15CED08143 /* [CP] Check Pods Manifest.lock */,
				4162FED626066C12002DAB28 /* Sources */,
				4162FED726066C12002DAB28 /* Frameworks */,
				4162FED826066C12002DAB28 /* Resources */,
				D77353EAE423EE9C9A3640EE /* [CP] Embed Pods Frameworks */,
			);
			buildRules = (
			);
			dependencies = (
			);
			name = Parstagram;
			productName = Parstagram;
			productReference = 4162FEDA26066C12002DAB28 /* Parstagram.app */;
			productType = "com.apple.product-type.application";
		};
		4162FEEF26066C15002DAB28 /* ParstagramTests */ = {
			isa = PBXNativeTarget;
			buildConfigurationList = 4162FF0726066C15002DAB28 /* Build configuration list for PBXNativeTarget "ParstagramTests" */;
			buildPhases = (
				17B590D0B37A7D38BB526840 /* [CP] Check Pods Manifest.lock */,
				4162FEEC26066C15002DAB28 /* Sources */,
				4162FEED26066C15002DAB28 /* Frameworks */,
				4162FEEE26066C15002DAB28 /* Resources */,
			);
			buildRules = (
			);
			dependencies = (
				4162FEF226066C15002DAB28 /* PBXTargetDependency */,
			);
			name = ParstagramTests;
			productName = ParstagramTests;
			productReference = 4162FEF026066C15002DAB28 /* ParstagramTests.xctest */;
			productType = "com.apple.product-type.bundle.unit-test";
		};
		4162FEFA26066C15002DAB28 /* ParstagramUITests */ = {
			isa = PBXNativeTarget;
			buildConfigurationList = 4162FF0A26066C15002DAB28 /* Build configuration list for PBXNativeTarget "ParstagramUITests" */;
			buildPhases = (
				36228AF17FB9F49EE19C3196 /* [CP] Check Pods Manifest.lock */,
				4162FEF726066C15002DAB28 /* Sources */,
				4162FEF826066C15002DAB28 /* Frameworks */,
				4162FEF926066C15002DAB28 /* Resources */,
				6F9F5947557AA01A401E84DA /* [CP] Embed Pods Frameworks */,
			);
			buildRules = (
			);
			dependencies = (
				4162FEFD26066C15002DAB28 /* PBXTargetDependency */,
			);
			name = ParstagramUITests;
			productName = ParstagramUITests;
			productReference = 4162FEFB26066C15002DAB28 /* ParstagramUITests.xctest */;
			productType = "com.apple.product-type.bundle.ui-testing";
		};
/* End PBXNativeTarget section */

/* Begin PBXProject section */
		4162FED226066C12002DAB28 /* Project object */ = {
			isa = PBXProject;
			attributes = {
				LastSwiftUpdateCheck = 1240;
				LastUpgradeCheck = 1240;
				TargetAttributes = {
					4162FED926066C12002DAB28 = {
						CreatedOnToolsVersion = 12.4;
					};
					4162FEEF26066C15002DAB28 = {
						CreatedOnToolsVersion = 12.4;
						TestTargetID = 4162FED926066C12002DAB28;
					};
					4162FEFA26066C15002DAB28 = {
						CreatedOnToolsVersion = 12.4;
						TestTargetID = 4162FED926066C12002DAB28;
					};
				};
			};
			buildConfigurationList = 4162FED526066C12002DAB28 /* Build configuration list for PBXProject "Parstagram" */;
			compatibilityVersion = "Xcode 9.3";
			developmentRegion = en;
			hasScannedForEncodings = 0;
			knownRegions = (
				en,
				Base,
			);
			mainGroup = 4162FED126066C12002DAB28;
			productRefGroup = 4162FEDB26066C12002DAB28 /* Products */;
			projectDirPath = "";
			projectRoot = "";
			targets = (
				4162FED926066C12002DAB28 /* Parstagram */,
				4162FEEF26066C15002DAB28 /* ParstagramTests */,
				4162FEFA26066C15002DAB28 /* ParstagramUITests */,
			);
		};
/* End PBXProject section */

/* Begin PBXResourcesBuildPhase section */
		4162FED826066C12002DAB28 /* Resources */ = {
			isa = PBXResourcesBuildPhase;
			buildActionMask = 2147483647;
			files = (
				4162FEEA26066C15002DAB28 /* LaunchScreen.storyboard in Resources */,
				4162FEE726066C15002DAB28 /* Assets.xcassets in Resources */,
				4162FEE526066C12002DAB28 /* Main.storyboard in Resources */,
			);
			runOnlyForDeploymentPostprocessing = 0;
		};
		4162FEEE26066C15002DAB28 /* Resources */ = {
			isa = PBXResourcesBuildPhase;
			buildActionMask = 2147483647;
			files = (
			);
			runOnlyForDeploymentPostprocessing = 0;
		};
		4162FEF926066C15002DAB28 /* Resources */ = {
			isa = PBXResourcesBuildPhase;
			buildActionMask = 2147483647;
			files = (
			);
			runOnlyForDeploymentPostprocessing = 0;
		};
/* End PBXResourcesBuildPhase section */

/* Begin PBXShellScriptBuildPhase section */
		17B590D0B37A7D38BB526840 /* [CP] Check Pods Manifest.lock */ = {
			isa = PBXShellScriptBuildPhase;
			buildActionMask = 2147483647;
			files = (
			);
			inputFileListPaths = (
			);
			inputPaths = (
				"${PODS_PODFILE_DIR_PATH}/Podfile.lock",
				"${PODS_ROOT}/Manifest.lock",
			);
			name = "[CP] Check Pods Manifest.lock";
			outputFileListPaths = (
			);
			outputPaths = (
				"$(DERIVED_FILE_DIR)/Pods-ParstagramTests-checkManifestLockResult.txt",
			);
			runOnlyForDeploymentPostprocessing = 0;
			shellPath = /bin/sh;
			shellScript = "diff \"${PODS_PODFILE_DIR_PATH}/Podfile.lock\" \"${PODS_ROOT}/Manifest.lock\" > /dev/null\nif [ $? != 0 ] ; then\n    # print error to STDERR\n    echo \"error: The sandbox is not in sync with the Podfile.lock. Run 'pod install' or update your CocoaPods installation.\" >&2\n    exit 1\nfi\n# This output is used by Xcode 'outputs' to avoid re-running this script phase.\necho \"SUCCESS\" > \"${SCRIPT_OUTPUT_FILE_0}\"\n";
			showEnvVarsInLog = 0;
		};
		36228AF17FB9F49EE19C3196 /* [CP] Check Pods Manifest.lock */ = {
			isa = PBXShellScriptBuildPhase;
			buildActionMask = 2147483647;
			files = (
			);
			inputFileListPaths = (
			);
			inputPaths = (
				"${PODS_PODFILE_DIR_PATH}/Podfile.lock",
				"${PODS_ROOT}/Manifest.lock",
			);
			name = "[CP] Check Pods Manifest.lock";
			outputFileListPaths = (
			);
			outputPaths = (
				"$(DERIVED_FILE_DIR)/Pods-Parstagram-ParstagramUITests-checkManifestLockResult.txt",
			);
			runOnlyForDeploymentPostprocessing = 0;
			shellPath = /bin/sh;
			shellScript = "diff \"${PODS_PODFILE_DIR_PATH}/Podfile.lock\" \"${PODS_ROOT}/Manifest.lock\" > /dev/null\nif [ $? != 0 ] ; then\n    # print error to STDERR\n    echo \"error: The sandbox is not in sync with the Podfile.lock. Run 'pod install' or update your CocoaPods installation.\" >&2\n    exit 1\nfi\n# This output is used by Xcode 'outputs' to avoid re-running this script phase.\necho \"SUCCESS\" > \"${SCRIPT_OUTPUT_FILE_0}\"\n";
			showEnvVarsInLog = 0;
		};
		6F9F5947557AA01A401E84DA /* [CP] Embed Pods Frameworks */ = {
			isa = PBXShellScriptBuildPhase;
			buildActionMask = 2147483647;
			files = (
			);
			inputFileListPaths = (
				"${PODS_ROOT}/Target Support Files/Pods-Parstagram-ParstagramUITests/Pods-Parstagram-ParstagramUITests-frameworks-${CONFIGURATION}-input-files.xcfilelist",
			);
			name = "[CP] Embed Pods Frameworks";
			outputFileListPaths = (
				"${PODS_ROOT}/Target Support Files/Pods-Parstagram-ParstagramUITests/Pods-Parstagram-ParstagramUITests-frameworks-${CONFIGURATION}-output-files.xcfilelist",
			);
			runOnlyForDeploymentPostprocessing = 0;
			shellPath = /bin/sh;
			shellScript = "\"${PODS_ROOT}/Target Support Files/Pods-Parstagram-ParstagramUITests/Pods-Parstagram-ParstagramUITests-frameworks.sh\"\n";
			showEnvVarsInLog = 0;
		};
		9B49C5E98128CE15CED08143 /* [CP] Check Pods Manifest.lock */ = {
			isa = PBXShellScriptBuildPhase;
			buildActionMask = 2147483647;
			files = (
			);
			inputFileListPaths = (
			);
			inputPaths = (
				"${PODS_PODFILE_DIR_PATH}/Podfile.lock",
				"${PODS_ROOT}/Manifest.lock",
			);
			name = "[CP] Check Pods Manifest.lock";
			outputFileListPaths = (
			);
			outputPaths = (
				"$(DERIVED_FILE_DIR)/Pods-Parstagram-checkManifestLockResult.txt",
			);
			runOnlyForDeploymentPostprocessing = 0;
			shellPath = /bin/sh;
			shellScript = "diff \"${PODS_PODFILE_DIR_PATH}/Podfile.lock\" \"${PODS_ROOT}/Manifest.lock\" > /dev/null\nif [ $? != 0 ] ; then\n    # print error to STDERR\n    echo \"error: The sandbox is not in sync with the Podfile.lock. Run 'pod install' or update your CocoaPods installation.\" >&2\n    exit 1\nfi\n# This output is used by Xcode 'outputs' to avoid re-running this script phase.\necho \"SUCCESS\" > \"${SCRIPT_OUTPUT_FILE_0}\"\n";
			showEnvVarsInLog = 0;
		};
		D77353EAE423EE9C9A3640EE /* [CP] Embed Pods Frameworks */ = {
			isa = PBXShellScriptBuildPhase;
			buildActionMask = 2147483647;
			files = (
			);
			inputFileListPaths = (
				"${PODS_ROOT}/Target Support Files/Pods-Parstagram/Pods-Parstagram-frameworks-${CONFIGURATION}-input-files.xcfilelist",
			);
			name = "[CP] Embed Pods Frameworks";
			outputFileListPaths = (
				"${PODS_ROOT}/Target Support Files/Pods-Parstagram/Pods-Parstagram-frameworks-${CONFIGURATION}-output-files.xcfilelist",
			);
			runOnlyForDeploymentPostprocessing = 0;
			shellPath = /bin/sh;
			shellScript = "\"${PODS_ROOT}/Target Support Files/Pods-Parstagram/Pods-Parstagram-frameworks.sh\"\n";
			showEnvVarsInLog = 0;
		};
/* End PBXShellScriptBuildPhase section */

/* Begin PBXSourcesBuildPhase section */
		4162FED626066C12002DAB28 /* Sources */ = {
			isa = PBXSourcesBuildPhase;
			buildActionMask = 2147483647;
			files = (
				4118E04D26067FA00023B23D /* LoginViewController.swift in Sources */,
				4162FEE226066C12002DAB28 /* ViewController.swift in Sources */,
				4118E05226067FAC0023B23D /* FeedViewController.swift in Sources */,
				4162FEDE26066C12002DAB28 /* AppDelegate.swift in Sources */,
				4162FEE026066C12002DAB28 /* SceneDelegate.swift in Sources */,
				4118E0672606A6D20023B23D /* PosterCell.swift in Sources */,
				4118E057260699030023B23D /* CameraViewController.swift in Sources */,
				41D41BC8260BCE9F00C323AD /* CommentCell.swift in Sources */,
			);
			runOnlyForDeploymentPostprocessing = 0;
		};
		4162FEEC26066C15002DAB28 /* Sources */ = {
			isa = PBXSourcesBuildPhase;
			buildActionMask = 2147483647;
			files = (
				4162FEF526066C15002DAB28 /* ParstagramTests.swift in Sources */,
			);
			runOnlyForDeploymentPostprocessing = 0;
		};
		4162FEF726066C15002DAB28 /* Sources */ = {
			isa = PBXSourcesBuildPhase;
			buildActionMask = 2147483647;
			files = (
				4162FF0026066C15002DAB28 /* ParstagramUITests.swift in Sources */,
			);
			runOnlyForDeploymentPostprocessing = 0;
		};
/* End PBXSourcesBuildPhase section */

/* Begin PBXTargetDependency section */
		4162FEF226066C15002DAB28 /* PBXTargetDependency */ = {
			isa = PBXTargetDependency;
			target = 4162FED926066C12002DAB28 /* Parstagram */;
			targetProxy = 4162FEF126066C15002DAB28 /* PBXContainerItemProxy */;
		};
		4162FEFD26066C15002DAB28 /* PBXTargetDependency */ = {
			isa = PBXTargetDependency;
			target = 4162FED926066C12002DAB28 /* Parstagram */;
			targetProxy = 4162FEFC26066C15002DAB28 /* PBXContainerItemProxy */;
		};
/* End PBXTargetDependency section */

/* Begin PBXVariantGroup section */
		4162FEE326066C12002DAB28 /* Main.storyboard */ = {
			isa = PBXVariantGroup;
			children = (
				4162FEE426066C12002DAB28 /* Base */,
			);
			name = Main.storyboard;
			sourceTree = "<group>";
		};
		4162FEE826066C15002DAB28 /* LaunchScreen.storyboard */ = {
			isa = PBXVariantGroup;
			children = (
				4162FEE926066C15002DAB28 /* Base */,
			);
			name = LaunchScreen.storyboard;
			sourceTree = "<group>";
		};
/* End PBXVariantGroup section */

/* Begin XCBuildConfiguration section */
		4162FF0226066C15002DAB28 /* Debug */ = {
			isa = XCBuildConfiguration;
			buildSettings = {
				ALWAYS_SEARCH_USER_PATHS = NO;
				CLANG_ANALYZER_NONNULL = YES;
				CLANG_ANALYZER_NUMBER_OBJECT_CONVERSION = YES_AGGRESSIVE;
				CLANG_CXX_LANGUAGE_STANDARD = "gnu++14";
				CLANG_CXX_LIBRARY = "libc++";
				CLANG_ENABLE_MODULES = YES;
				CLANG_ENABLE_OBJC_ARC = YES;
				CLANG_ENABLE_OBJC_WEAK = YES;
				CLANG_WARN_BLOCK_CAPTURE_AUTORELEASING = YES;
				CLANG_WARN_BOOL_CONVERSION = YES;
				CLANG_WARN_COMMA = YES;
				CLANG_WARN_CONSTANT_CONVERSION = YES;
				CLANG_WARN_DEPRECATED_OBJC_IMPLEMENTATIONS = YES;
				CLANG_WARN_DIRECT_OBJC_ISA_USAGE = YES_ERROR;
				CLANG_WARN_DOCUMENTATION_COMMENTS = YES;
				CLANG_WARN_EMPTY_BODY = YES;
				CLANG_WARN_ENUM_CONVERSION = YES;
				CLANG_WARN_INFINITE_RECURSION = YES;
				CLANG_WARN_INT_CONVERSION = YES;
				CLANG_WARN_NON_LITERAL_NULL_CONVERSION = YES;
				CLANG_WARN_OBJC_IMPLICIT_RETAIN_SELF = YES;
				CLANG_WARN_OBJC_LITERAL_CONVERSION = YES;
				CLANG_WARN_OBJC_ROOT_CLASS = YES_ERROR;
				CLANG_WARN_QUOTED_INCLUDE_IN_FRAMEWORK_HEADER = YES;
				CLANG_WARN_RANGE_LOOP_ANALYSIS = YES;
				CLANG_WARN_STRICT_PROTOTYPES = YES;
				CLANG_WARN_SUSPICIOUS_MOVE = YES;
				CLANG_WARN_UNGUARDED_AVAILABILITY = YES_AGGRESSIVE;
				CLANG_WARN_UNREACHABLE_CODE = YES;
				CLANG_WARN__DUPLICATE_METHOD_MATCH = YES;
				COPY_PHASE_STRIP = NO;
				DEBUG_INFORMATION_FORMAT = dwarf;
				ENABLE_STRICT_OBJC_MSGSEND = YES;
				ENABLE_TESTABILITY = YES;
				GCC_C_LANGUAGE_STANDARD = gnu11;
				GCC_DYNAMIC_NO_PIC = NO;
				GCC_NO_COMMON_BLOCKS = YES;
				GCC_OPTIMIZATION_LEVEL = 0;
				GCC_PREPROCESSOR_DEFINITIONS = (
					"DEBUG=1",
					"$(inherited)",
				);
				GCC_WARN_64_TO_32_BIT_CONVERSION = YES;
				GCC_WARN_ABOUT_RETURN_TYPE = YES_ERROR;
				GCC_WARN_UNDECLARED_SELECTOR = YES;
				GCC_WARN_UNINITIALIZED_AUTOS = YES_AGGRESSIVE;
				GCC_WARN_UNUSED_FUNCTION = YES;
				GCC_WARN_UNUSED_VARIABLE = YES;
				IPHONEOS_DEPLOYMENT_TARGET = 14.4;
				MTL_ENABLE_DEBUG_INFO = INCLUDE_SOURCE;
				MTL_FAST_MATH = YES;
				ONLY_ACTIVE_ARCH = YES;
				SDKROOT = iphoneos;
				SWIFT_ACTIVE_COMPILATION_CONDITIONS = DEBUG;
				SWIFT_OPTIMIZATION_LEVEL = "-Onone";
			};
			name = Debug;
		};
		4162FF0326066C15002DAB28 /* Release */ = {
			isa = XCBuildConfiguration;
			buildSettings = {
				ALWAYS_SEARCH_USER_PATHS = NO;
				CLANG_ANALYZER_NONNULL = YES;
				CLANG_ANALYZER_NUMBER_OBJECT_CONVERSION = YES_AGGRESSIVE;
				CLANG_CXX_LANGUAGE_STANDARD = "gnu++14";
				CLANG_CXX_LIBRARY = "libc++";
				CLANG_ENABLE_MODULES = YES;
				CLANG_ENABLE_OBJC_ARC = YES;
				CLANG_ENABLE_OBJC_WEAK = YES;
				CLANG_WARN_BLOCK_CAPTURE_AUTORELEASING = YES;
				CLANG_WARN_BOOL_CONVERSION = YES;
				CLANG_WARN_COMMA = YES;
				CLANG_WARN_CONSTANT_CONVERSION = YES;
				CLANG_WARN_DEPRECATED_OBJC_IMPLEMENTATIONS = YES;
				CLANG_WARN_DIRECT_OBJC_ISA_USAGE = YES_ERROR;
				CLANG_WARN_DOCUMENTATION_COMMENTS = YES;
				CLANG_WARN_EMPTY_BODY = YES;
				CLANG_WARN_ENUM_CONVERSION = YES;
				CLANG_WARN_INFINITE_RECURSION = YES;
				CLANG_WARN_INT_CONVERSION = YES;
				CLANG_WARN_NON_LITERAL_NULL_CONVERSION = YES;
				CLANG_WARN_OBJC_IMPLICIT_RETAIN_SELF = YES;
				CLANG_WARN_OBJC_LITERAL_CONVERSION = YES;
				CLANG_WARN_OBJC_ROOT_CLASS = YES_ERROR;
				CLANG_WARN_QUOTED_INCLUDE_IN_FRAMEWORK_HEADER = YES;
				CLANG_WARN_RANGE_LOOP_ANALYSIS = YES;
				CLANG_WARN_STRICT_PROTOTYPES = YES;
				CLANG_WARN_SUSPICIOUS_MOVE = YES;
				CLANG_WARN_UNGUARDED_AVAILABILITY = YES_AGGRESSIVE;
				CLANG_WARN_UNREACHABLE_CODE = YES;
				CLANG_WARN__DUPLICATE_METHOD_MATCH = YES;
				COPY_PHASE_STRIP = NO;
				DEBUG_INFORMATION_FORMAT = "dwarf-with-dsym";
				ENABLE_NS_ASSERTIONS = NO;
				ENABLE_STRICT_OBJC_MSGSEND = YES;
				GCC_C_LANGUAGE_STANDARD = gnu11;
				GCC_NO_COMMON_BLOCKS = YES;
				GCC_WARN_64_TO_32_BIT_CONVERSION = YES;
				GCC_WARN_ABOUT_RETURN_TYPE = YES_ERROR;
				GCC_WARN_UNDECLARED_SELECTOR = YES;
				GCC_WARN_UNINITIALIZED_AUTOS = YES_AGGRESSIVE;
				GCC_WARN_UNUSED_FUNCTION = YES;
				GCC_WARN_UNUSED_VARIABLE = YES;
				IPHONEOS_DEPLOYMENT_TARGET = 14.4;
				MTL_ENABLE_DEBUG_INFO = NO;
				MTL_FAST_MATH = YES;
				SDKROOT = iphoneos;
				SWIFT_COMPILATION_MODE = wholemodule;
				SWIFT_OPTIMIZATION_LEVEL = "-O";
				VALIDATE_PRODUCT = YES;
			};
			name = Release;
		};
		4162FF0526066C15002DAB28 /* Debug */ = {
			isa = XCBuildConfiguration;
			baseConfigurationReference = CB6EC89EB036523489F83A34 /* Pods-Parstagram.debug.xcconfig */;
			buildSettings = {
				ASSETCATALOG_COMPILER_APPICON_NAME = AppIcon;
				ASSETCATALOG_COMPILER_GLOBAL_ACCENT_COLOR_NAME = AccentColor;
				CODE_SIGN_STYLE = Automatic;
				INFOPLIST_FILE = Parstagram/Info.plist;
				LD_RUNPATH_SEARCH_PATHS = (
					"$(inherited)",
					"@executable_path/Frameworks",
				);
				PRODUCT_BUNDLE_IDENTIFIER = com.ErtugrulEryildiz.Parstagram;
				PRODUCT_NAME = "$(TARGET_NAME)";
				SWIFT_VERSION = 5.0;
				TARGETED_DEVICE_FAMILY = "1,2";
			};
			name = Debug;
		};
		4162FF0626066C15002DAB28 /* Release */ = {
			isa = XCBuildConfiguration;
			baseConfigurationReference = D9DECBD5EB87559C0F97DF99 /* Pods-Parstagram.release.xcconfig */;
			buildSettings = {
				ASSETCATALOG_COMPILER_APPICON_NAME = AppIcon;
				ASSETCATALOG_COMPILER_GLOBAL_ACCENT_COLOR_NAME = AccentColor;
				CODE_SIGN_STYLE = Automatic;
				INFOPLIST_FILE = Parstagram/Info.plist;
				LD_RUNPATH_SEARCH_PATHS = (
					"$(inherited)",
					"@executable_path/Frameworks",
				);
				PRODUCT_BUNDLE_IDENTIFIER = com.ErtugrulEryildiz.Parstagram;
				PRODUCT_NAME = "$(TARGET_NAME)";
				SWIFT_VERSION = 5.0;
				TARGETED_DEVICE_FAMILY = "1,2";
			};
			name = Release;
		};
		4162FF0826066C15002DAB28 /* Debug */ = {
			isa = XCBuildConfiguration;
			baseConfigurationReference = D8D98C5EF909088999BDEDDB /* Pods-ParstagramTests.debug.xcconfig */;
			buildSettings = {
				ALWAYS_EMBED_SWIFT_STANDARD_LIBRARIES = YES;
				BUNDLE_LOADER = "$(TEST_HOST)";
				CODE_SIGN_STYLE = Automatic;
				INFOPLIST_FILE = ParstagramTests/Info.plist;
				IPHONEOS_DEPLOYMENT_TARGET = 14.4;
				LD_RUNPATH_SEARCH_PATHS = (
					"$(inherited)",
					"@executable_path/Frameworks",
					"@loader_path/Frameworks",
				);
				PRODUCT_BUNDLE_IDENTIFIER = com.ErtugrulEryildiz.ParstagramTests;
				PRODUCT_NAME = "$(TARGET_NAME)";
				SWIFT_VERSION = 5.0;
				TARGETED_DEVICE_FAMILY = "1,2";
				TEST_HOST = "$(BUILT_PRODUCTS_DIR)/Parstagram.app/Parstagram";
			};
			name = Debug;
		};
		4162FF0926066C15002DAB28 /* Release */ = {
			isa = XCBuildConfiguration;
			baseConfigurationReference = 61ADA547D085E67C9B579AE5 /* Pods-ParstagramTests.release.xcconfig */;
			buildSettings = {
				ALWAYS_EMBED_SWIFT_STANDARD_LIBRARIES = YES;
				BUNDLE_LOADER = "$(TEST_HOST)";
				CODE_SIGN_STYLE = Automatic;
				INFOPLIST_FILE = ParstagramTests/Info.plist;
				IPHONEOS_DEPLOYMENT_TARGET = 14.4;
				LD_RUNPATH_SEARCH_PATHS = (
					"$(inherited)",
					"@executable_path/Frameworks",
					"@loader_path/Frameworks",
				);
				PRODUCT_BUNDLE_IDENTIFIER = com.ErtugrulEryildiz.ParstagramTests;
				PRODUCT_NAME = "$(TARGET_NAME)";
				SWIFT_VERSION = 5.0;
				TARGETED_DEVICE_FAMILY = "1,2";
				TEST_HOST = "$(BUILT_PRODUCTS_DIR)/Parstagram.app/Parstagram";
			};
			name = Release;
		};
		4162FF0B26066C15002DAB28 /* Debug */ = {
			isa = XCBuildConfiguration;
			baseConfigurationReference = 45818DB7A3FBB6135A63DF09 /* Pods-Parstagram-ParstagramUITests.debug.xcconfig */;
			buildSettings = {
				ALWAYS_EMBED_SWIFT_STANDARD_LIBRARIES = YES;
				CODE_SIGN_STYLE = Automatic;
				INFOPLIST_FILE = ParstagramUITests/Info.plist;
				LD_RUNPATH_SEARCH_PATHS = (
					"$(inherited)",
					"@executable_path/Frameworks",
					"@loader_path/Frameworks",
				);
				PRODUCT_BUNDLE_IDENTIFIER = com.ErtugrulEryildiz.ParstagramUITests;
				PRODUCT_NAME = "$(TARGET_NAME)";
				SWIFT_VERSION = 5.0;
				TARGETED_DEVICE_FAMILY = "1,2";
				TEST_TARGET_NAME = Parstagram;
			};
			name = Debug;
		};
		4162FF0C26066C15002DAB28 /* Release */ = {
			isa = XCBuildConfiguration;
			baseConfigurationReference = 5ABA10B95BB8A6073A13C226 /* Pods-Parstagram-ParstagramUITests.release.xcconfig */;
			buildSettings = {
				ALWAYS_EMBED_SWIFT_STANDARD_LIBRARIES = YES;
				CODE_SIGN_STYLE = Automatic;
				INFOPLIST_FILE = ParstagramUITests/Info.plist;
				LD_RUNPATH_SEARCH_PATHS = (
					"$(inherited)",
					"@executable_path/Frameworks",
					"@loader_path/Frameworks",
				);
				PRODUCT_BUNDLE_IDENTIFIER = com.ErtugrulEryildiz.ParstagramUITests;
				PRODUCT_NAME = "$(TARGET_NAME)";
				SWIFT_VERSION = 5.0;
				TARGETED_DEVICE_FAMILY = "1,2";
				TEST_TARGET_NAME = Parstagram;
			};
			name = Release;
		};
/* End XCBuildConfiguration section */

/* Begin XCConfigurationList section */
		4162FED526066C12002DAB28 /* Build configuration list for PBXProject "Parstagram" */ = {
			isa = XCConfigurationList;
			buildConfigurations = (
				4162FF0226066C15002DAB28 /* Debug */,
				4162FF0326066C15002DAB28 /* Release */,
			);
			defaultConfigurationIsVisible = 0;
			defaultConfigurationName = Release;
		};
		4162FF0426066C15002DAB28 /* Build configuration list for PBXNativeTarget "Parstagram" */ = {
			isa = XCConfigurationList;
			buildConfigurations = (
				4162FF0526066C15002DAB28 /* Debug */,
				4162FF0626066C15002DAB28 /* Release */,
			);
			defaultConfigurationIsVisible = 0;
			defaultConfigurationName = Release;
		};
		4162FF0726066C15002DAB28 /* Build configuration list for PBXNativeTarget "ParstagramTests" */ = {
			isa = XCConfigurationList;
			buildConfigurations = (
				4162FF0826066C15002DAB28 /* Debug */,
				4162FF0926066C15002DAB28 /* Release */,
			);
			defaultConfigurationIsVisible = 0;
			defaultConfigurationName = Release;
		};
		4162FF0A26066C15002DAB28 /* Build configuration list for PBXNativeTarget "ParstagramUITests" */ = {
			isa = XCConfigurationList;
			buildConfigurations = (
				4162FF0B26066C15002DAB28 /* Debug */,
				4162FF0C26066C15002DAB28 /* Release */,
			);
			defaultConfigurationIsVisible = 0;
			defaultConfigurationName = Release;
		};
/* End XCConfigurationList section */
	};
	rootObject = 4162FED226066C12002DAB28 /* Project object */;
}
